
Microsoft Visual Studio Solution File, Format Version 12.00
# Visual Studio Version 17
VisualStudioVersion = 17.0.31903.59
MinimumVisualStudioVersion = 10.0.40219.1
Project("{FAE04EC0-301F-11D3-BF4B-00C04F79EFBC}") = "HttpPipelines", "src\HttpPipelines\HttpPipelines.csproj", "{51242DA1-4EF3-4526-AF01-6A9605F32E75}"
EndProject
Project("{2150E333-8FDC-42A3-9474-1A3956D46DE8}") = "src", "src", "{A1493842-ACDF-4867-8175-00430FA954C9}"
EndProject
Project("{FAE04EC0-301F-11D3-BF4B-00C04F79EFBC}") = "HttpPipelines.Abstractions", "src\HttpPipelines.Abstractions\HttpPipelines.Abstractions.csproj", "{FC9C2FDD-735D-4765-848D-E83B74EEB25C}"
EndProject
Global
	GlobalSection(SolutionConfigurationPlatforms) = preSolution
		Debug|Any CPU = Debug|Any CPU
		Release|Any CPU = Release|Any CPU
	EndGlobalSection
	GlobalSection(SolutionProperties) = preSolution
		HideSolutionNode = FALSE
	EndGlobalSection
	GlobalSection(ProjectConfigurationPlatforms) = postSolution
		{51242DA1-4EF3-4526-AF01-6A9605F32E75}.Debug|Any CPU.ActiveCfg = Debug|Any CPU
		{51242DA1-4EF3-4526-AF01-6A9605F32E75}.Debug|Any CPU.Build.0 = Debug|Any CPU
		{51242DA1-4EF3-4526-AF01-6A9605F32E75}.Release|Any CPU.ActiveCfg = Release|Any CPU
		{51242DA1-4EF3-4526-AF01-6A9605F32E75}.Release|Any CPU.Build.0 = Release|Any CPU
		{FC9C2FDD-735D-4765-848D-E83B74EEB25C}.Debug|Any CPU.ActiveCfg = Debug|Any CPU
		{FC9C2FDD-735D-4765-848D-E83B74EEB25C}.Debug|Any CPU.Build.0 = Debug|Any CPU
		{FC9C2FDD-735D-4765-848D-E83B74EEB25C}.Release|Any CPU.ActiveCfg = Release|Any CPU
		{FC9C2FDD-735D-4765-848D-E83B74EEB25C}.Release|Any CPU.Build.0 = Release|Any CPU
	EndGlobalSection
	GlobalSection(NestedProjects) = preSolution
		{FC9C2FDD-735D-4765-848D-E83B74EEB25C} = {A1493842-ACDF-4867-8175-00430FA954C9}
	EndGlobalSection
EndGlobal
